// !$*UTF8*$!
{
	archiveVersion = 1;
	classes = {
	};
	objectVersion = 56;
	objects = {

/* Begin PBXBuildFile section */
		A20C5A9F2B174FCF00379E1A /* AgendaApp.swift in Sources */ = {isa = PBXBuildFile; fileRef = A20C5A9E2B174FCF00379E1A /* AgendaApp.swift */; };
		A20C5AA12B174FCF00379E1A /* MainView.swift in Sources */ = {isa = PBXBuildFile; fileRef = A20C5AA02B174FCF00379E1A /* MainView.swift */; };
		A20C5AA32B174FD000379E1A /* Assets.xcassets in Resources */ = {isa = PBXBuildFile; fileRef = A20C5AA22B174FD000379E1A /* Assets.xcassets */; };
		A20C5AA72B174FD000379E1A /* Preview Assets.xcassets in Resources */ = {isa = PBXBuildFile; fileRef = A20C5AA62B174FD000379E1A /* Preview Assets.xcassets */; };
		A20C5AB12B174FD100379E1A /* AgendaAppTests.swift in Sources */ = {isa = PBXBuildFile; fileRef = A20C5AB02B174FD100379E1A /* AgendaAppTests.swift */; };
		A20C5ABB2B174FD100379E1A /* AgendaAppUITests.swift in Sources */ = {isa = PBXBuildFile; fileRef = A20C5ABA2B174FD100379E1A /* AgendaAppUITests.swift */; };
		A20C5ABD2B174FD100379E1A /* AgendaAppUITestsLaunchTests.swift in Sources */ = {isa = PBXBuildFile; fileRef = A20C5ABC2B174FD100379E1A /* AgendaAppUITestsLaunchTests.swift */; };
		A24560CB2B17600D001D82BD /* FirebaseAuth in Frameworks */ = {isa = PBXBuildFile; productRef = A24560CA2B17600D001D82BD /* FirebaseAuth */; };
		A24560CD2B17600D001D82BD /* FirebaseFirestore in Frameworks */ = {isa = PBXBuildFile; productRef = A24560CC2B17600D001D82BD /* FirebaseFirestore */; };
		A24560CF2B17600D001D82BD /* FirebaseFirestoreSwift in Frameworks */ = {isa = PBXBuildFile; productRef = A24560CE2B17600D001D82BD /* FirebaseFirestoreSwift */; };
		A24560D12B1764BD001D82BD /* GoogleService-Info.plist in Resources */ = {isa = PBXBuildFile; fileRef = A24560D02B1764BD001D82BD /* GoogleService-Info.plist */; };
		A24560D82B179EE0001D82BD /* ProfileView.swift in Sources */ = {isa = PBXBuildFile; fileRef = A24560D72B179EE0001D82BD /* ProfileView.swift */; };
		A24560DA2B179F12001D82BD /* AgendaView.swift in Sources */ = {isa = PBXBuildFile; fileRef = A24560D92B179F12001D82BD /* AgendaView.swift */; };
		A24560DC2B179F32001D82BD /* NewItemView.swift in Sources */ = {isa = PBXBuildFile; fileRef = A24560DB2B179F32001D82BD /* NewItemView.swift */; };
		A24560DE2B179F4B001D82BD /* LoginView.swift in Sources */ = {isa = PBXBuildFile; fileRef = A24560DD2B179F4B001D82BD /* LoginView.swift */; };
		A24560E02B179F61001D82BD /* RegisterView.swift in Sources */ = {isa = PBXBuildFile; fileRef = A24560DF2B179F61001D82BD /* RegisterView.swift */; };
		A24560E22B179FB9001D82BD /* AgendaItemView.swift in Sources */ = {isa = PBXBuildFile; fileRef = A24560E12B179FB9001D82BD /* AgendaItemView.swift */; };
		A24560E42B17A1F8001D82BD /* User.swift in Sources */ = {isa = PBXBuildFile; fileRef = A24560E32B17A1F8001D82BD /* User.swift */; };
		A24560E62B17A20A001D82BD /* AgendaItem.swift in Sources */ = {isa = PBXBuildFile; fileRef = A24560E52B17A20A001D82BD /* AgendaItem.swift */; };
		A24560E82B17A275001D82BD /* MainViewViewModel.swift in Sources */ = {isa = PBXBuildFile; fileRef = A24560E72B17A275001D82BD /* MainViewViewModel.swift */; };
		A24560EA2B17A291001D82BD /* ProfileViewViewModel.swift in Sources */ = {isa = PBXBuildFile; fileRef = A24560E92B17A291001D82BD /* ProfileViewViewModel.swift */; };
		A24560EC2B189337001D82BD /* AgendaViewViewModel.swift in Sources */ = {isa = PBXBuildFile; fileRef = A24560EB2B189337001D82BD /* AgendaViewViewModel.swift */; };
		A24560EE2B18938A001D82BD /* NewItemViewViewModel.swift in Sources */ = {isa = PBXBuildFile; fileRef = A24560ED2B18938A001D82BD /* NewItemViewViewModel.swift */; };
		A24560F02B1893A0001D82BD /* LoginViewViewModel.swift in Sources */ = {isa = PBXBuildFile; fileRef = A24560EF2B1893A0001D82BD /* LoginViewViewModel.swift */; };
		A24560F22B1893AD001D82BD /* RegisterViewViewModel.swift in Sources */ = {isa = PBXBuildFile; fileRef = A24560F12B1893AD001D82BD /* RegisterViewViewModel.swift */; };
		A24560F42B1893FB001D82BD /* AgendaItemViewViewModel.swift in Sources */ = {isa = PBXBuildFile; fileRef = A24560F32B1893FB001D82BD /* AgendaItemViewViewModel.swift */; };
		A24560F62B189A9D001D82BD /* HeaderView.swift in Sources */ = {isa = PBXBuildFile; fileRef = A24560F52B189A9D001D82BD /* HeaderView.swift */; };
/* End PBXBuildFile section */

/* Begin PBXContainerItemProxy section */
		A20C5AAD2B174FD100379E1A /* PBXContainerItemProxy */ = {
			isa = PBXContainerItemProxy;
			containerPortal = A20C5A932B174FCF00379E1A /* Project object */;
			proxyType = 1;
			remoteGlobalIDString = A20C5A9A2B174FCF00379E1A;
			remoteInfo = AgendaApp;
		};
		A20C5AB72B174FD100379E1A /* PBXContainerItemProxy */ = {
			isa = PBXContainerItemProxy;
			containerPortal = A20C5A932B174FCF00379E1A /* Project object */;
			proxyType = 1;
			remoteGlobalIDString = A20C5A9A2B174FCF00379E1A;
			remoteInfo = AgendaApp;
		};
/* End PBXContainerItemProxy section */

/* Begin PBXFileReference section */
		A20C5A9B2B174FCF00379E1A /* AgendaApp.app */ = {isa = PBXFileReference; explicitFileType = wrapper.application; includeInIndex = 0; path = AgendaApp.app; sourceTree = BUILT_PRODUCTS_DIR; };
		A20C5A9E2B174FCF00379E1A /* AgendaApp.swift */ = {isa = PBXFileReference; lastKnownFileType = sourcecode.swift; path = AgendaApp.swift; sourceTree = "<group>"; };
		A20C5AA02B174FCF00379E1A /* MainView.swift */ = {isa = PBXFileReference; lastKnownFileType = sourcecode.swift; path = MainView.swift; sourceTree = "<group>"; };
		A20C5AA22B174FD000379E1A /* Assets.xcassets */ = {isa = PBXFileReference; lastKnownFileType = folder.assetcatalog; path = Assets.xcassets; sourceTree = "<group>"; };
		A20C5AA42B174FD000379E1A /* AgendaApp.entitlements */ = {isa = PBXFileReference; lastKnownFileType = text.plist.entitlements; path = AgendaApp.entitlements; sourceTree = "<group>"; };
		A20C5AA62B174FD000379E1A /* Preview Assets.xcassets */ = {isa = PBXFileReference; lastKnownFileType = folder.assetcatalog; path = "Preview Assets.xcassets"; sourceTree = "<group>"; };
		A20C5AAC2B174FD100379E1A /* AgendaAppTests.xctest */ = {isa = PBXFileReference; explicitFileType = wrapper.cfbundle; includeInIndex = 0; path = AgendaAppTests.xctest; sourceTree = BUILT_PRODUCTS_DIR; };
		A20C5AB02B174FD100379E1A /* AgendaAppTests.swift */ = {isa = PBXFileReference; lastKnownFileType = sourcecode.swift; path = AgendaAppTests.swift; sourceTree = "<group>"; };
		A20C5AB62B174FD100379E1A /* AgendaAppUITests.xctest */ = {isa = PBXFileReference; explicitFileType = wrapper.cfbundle; includeInIndex = 0; path = AgendaAppUITests.xctest; sourceTree = BUILT_PRODUCTS_DIR; };
		A20C5ABA2B174FD100379E1A /* AgendaAppUITests.swift */ = {isa = PBXFileReference; lastKnownFileType = sourcecode.swift; path = AgendaAppUITests.swift; sourceTree = "<group>"; };
		A20C5ABC2B174FD100379E1A /* AgendaAppUITestsLaunchTests.swift */ = {isa = PBXFileReference; lastKnownFileType = sourcecode.swift; path = AgendaAppUITestsLaunchTests.swift; sourceTree = "<group>"; };
		A24560D02B1764BD001D82BD /* GoogleService-Info.plist */ = {isa = PBXFileReference; fileEncoding = 4; lastKnownFileType = text.plist.xml; path = "GoogleService-Info.plist"; sourceTree = "<group>"; };
		A24560D72B179EE0001D82BD /* ProfileView.swift */ = {isa = PBXFileReference; lastKnownFileType = sourcecode.swift; path = ProfileView.swift; sourceTree = "<group>"; };
		A24560D92B179F12001D82BD /* AgendaView.swift */ = {isa = PBXFileReference; lastKnownFileType = sourcecode.swift; path = AgendaView.swift; sourceTree = "<group>"; };
		A24560DB2B179F32001D82BD /* NewItemView.swift */ = {isa = PBXFileReference; lastKnownFileType = sourcecode.swift; path = NewItemView.swift; sourceTree = "<group>"; };
		A24560DD2B179F4B001D82BD /* LoginView.swift */ = {isa = PBXFileReference; lastKnownFileType = sourcecode.swift; path = LoginView.swift; sourceTree = "<group>"; };
		A24560DF2B179F61001D82BD /* RegisterView.swift */ = {isa = PBXFileReference; lastKnownFileType = sourcecode.swift; path = RegisterView.swift; sourceTree = "<group>"; };
		A24560E12B179FB9001D82BD /* AgendaItemView.swift */ = {isa = PBXFileReference; lastKnownFileType = sourcecode.swift; path = AgendaItemView.swift; sourceTree = "<group>"; };
		A24560E32B17A1F8001D82BD /* User.swift */ = {isa = PBXFileReference; lastKnownFileType = sourcecode.swift; path = User.swift; sourceTree = "<group>"; };
		A24560E52B17A20A001D82BD /* AgendaItem.swift */ = {isa = PBXFileReference; lastKnownFileType = sourcecode.swift; path = AgendaItem.swift; sourceTree = "<group>"; };
		A24560E72B17A275001D82BD /* MainViewViewModel.swift */ = {isa = PBXFileReference; lastKnownFileType = sourcecode.swift; path = MainViewViewModel.swift; sourceTree = "<group>"; };
		A24560E92B17A291001D82BD /* ProfileViewViewModel.swift */ = {isa = PBXFileReference; lastKnownFileType = sourcecode.swift; path = ProfileViewViewModel.swift; sourceTree = "<group>"; };
		A24560EB2B189337001D82BD /* AgendaViewViewModel.swift */ = {isa = PBXFileReference; lastKnownFileType = sourcecode.swift; path = AgendaViewViewModel.swift; sourceTree = "<group>"; };
		A24560ED2B18938A001D82BD /* NewItemViewViewModel.swift */ = {isa = PBXFileReference; lastKnownFileType = sourcecode.swift; path = NewItemViewViewModel.swift; sourceTree = "<group>"; };
		A24560EF2B1893A0001D82BD /* LoginViewViewModel.swift */ = {isa = PBXFileReference; lastKnownFileType = sourcecode.swift; path = LoginViewViewModel.swift; sourceTree = "<group>"; };
		A24560F12B1893AD001D82BD /* RegisterViewViewModel.swift */ = {isa = PBXFileReference; lastKnownFileType = sourcecode.swift; path = RegisterViewViewModel.swift; sourceTree = "<group>"; };
		A24560F32B1893FB001D82BD /* AgendaItemViewViewModel.swift */ = {isa = PBXFileReference; lastKnownFileType = sourcecode.swift; path = AgendaItemViewViewModel.swift; sourceTree = "<group>"; };
		A24560F52B189A9D001D82BD /* HeaderView.swift */ = {isa = PBXFileReference; lastKnownFileType = sourcecode.swift; path = HeaderView.swift; sourceTree = "<group>"; };
/* End PBXFileReference section */

/* Begin PBXFrameworksBuildPhase section */
		A20C5A982B174FCF00379E1A /* Frameworks */ = {
			isa = PBXFrameworksBuildPhase;
			buildActionMask = 2147483647;
			files = (
				A24560CB2B17600D001D82BD /* FirebaseAuth in Frameworks */,
				A24560CD2B17600D001D82BD /* FirebaseFirestore in Frameworks */,
				A24560CF2B17600D001D82BD /* FirebaseFirestoreSwift in Frameworks */,
			);
			runOnlyForDeploymentPostprocessing = 0;
		};
		A20C5AA92B174FD100379E1A /* Frameworks */ = {
			isa = PBXFrameworksBuildPhase;
			buildActionMask = 2147483647;
			files = (
			);
			runOnlyForDeploymentPostprocessing = 0;
		};
		A20C5AB32B174FD100379E1A /* Frameworks */ = {
			isa = PBXFrameworksBuildPhase;
			buildActionMask = 2147483647;
			files = (
			);
			runOnlyForDeploymentPostprocessing = 0;
		};
/* End PBXFrameworksBuildPhase section */

/* Begin PBXGroup section */
		A20C5A922B174FCF00379E1A = {
			isa = PBXGroup;
			children = (
				A20C5A9D2B174FCF00379E1A /* AgendaApp */,
				A20C5AAF2B174FD100379E1A /* AgendaAppTests */,
				A20C5AB92B174FD100379E1A /* AgendaAppUITests */,
				A20C5A9C2B174FCF00379E1A /* Products */,
			);
			sourceTree = "<group>";
		};
		A20C5A9C2B174FCF00379E1A /* Products */ = {
			isa = PBXGroup;
			children = (
				A20C5A9B2B174FCF00379E1A /* AgendaApp.app */,
				A20C5AAC2B174FD100379E1A /* AgendaAppTests.xctest */,
				A20C5AB62B174FD100379E1A /* AgendaAppUITests.xctest */,
			);
			name = Products;
			sourceTree = "<group>";
		};
		A20C5A9D2B174FCF00379E1A /* AgendaApp */ = {
			isa = PBXGroup;
			children = (
				A24560D62B176828001D82BD /* Other */,
				A24560D52B17681C001D82BD /* Models */,
				A24560D42B17680F001D82BD /* ViewModels */,
				A24560D32B176803001D82BD /* Views */,
				A20C5AA52B174FD000379E1A /* Preview Content */,
				A20C5AA42B174FD000379E1A /* AgendaApp.entitlements */,
			);
			path = AgendaApp;
			sourceTree = "<group>";
		};
		A20C5AA52B174FD000379E1A /* Preview Content */ = {
			isa = PBXGroup;
			children = (
				A20C5AA62B174FD000379E1A /* Preview Assets.xcassets */,
			);
			path = "Preview Content";
			sourceTree = "<group>";
		};
		A20C5AAF2B174FD100379E1A /* AgendaAppTests */ = {
			isa = PBXGroup;
			children = (
				A20C5AB02B174FD100379E1A /* AgendaAppTests.swift */,
			);
			path = AgendaAppTests;
			sourceTree = "<group>";
		};
		A20C5AB92B174FD100379E1A /* AgendaAppUITests */ = {
			isa = PBXGroup;
			children = (
				A20C5ABA2B174FD100379E1A /* AgendaAppUITests.swift */,
				A20C5ABC2B174FD100379E1A /* AgendaAppUITestsLaunchTests.swift */,
			);
			path = AgendaAppUITests;
			sourceTree = "<group>";
		};
		A24560D32B176803001D82BD /* Views */ = {
			isa = PBXGroup;
			children = (
				A20C5AA02B174FCF00379E1A /* MainView.swift */,
				A24560D72B179EE0001D82BD /* ProfileView.swift */,
				A24560D92B179F12001D82BD /* AgendaView.swift */,
				A24560E12B179FB9001D82BD /* AgendaItemView.swift */,
				A24560DB2B179F32001D82BD /* NewItemView.swift */,
				A24560DD2B179F4B001D82BD /* LoginView.swift */,
				A24560DF2B179F61001D82BD /* RegisterView.swift */,
				A24560F52B189A9D001D82BD /* HeaderView.swift */,
			);
			path = Views;
			sourceTree = "<group>";
		};
		A24560D42B17680F001D82BD /* ViewModels */ = {
			isa = PBXGroup;
			children = (
				A24560E72B17A275001D82BD /* MainViewViewModel.swift */,
				A24560E92B17A291001D82BD /* ProfileViewViewModel.swift */,
				A24560EB2B189337001D82BD /* AgendaViewViewModel.swift */,
				A24560F32B1893FB001D82BD /* AgendaItemViewViewModel.swift */,
				A24560ED2B18938A001D82BD /* NewItemViewViewModel.swift */,
				A24560EF2B1893A0001D82BD /* LoginViewViewModel.swift */,
				A24560F12B1893AD001D82BD /* RegisterViewViewModel.swift */,
			);
			path = ViewModels;
			sourceTree = "<group>";
		};
		A24560D52B17681C001D82BD /* Models */ = {
			isa = PBXGroup;
			children = (
				A24560E32B17A1F8001D82BD /* User.swift */,
				A24560E52B17A20A001D82BD /* AgendaItem.swift */,
			);
			path = Models;
			sourceTree = "<group>";
		};
		A24560D62B176828001D82BD /* Other */ = {
			isa = PBXGroup;
			children = (
				A24560D02B1764BD001D82BD /* GoogleService-Info.plist */,
				A20C5AA22B174FD000379E1A /* Assets.xcassets */,
				A20C5A9E2B174FCF00379E1A /* AgendaApp.swift */,
			);
			path = Other;
			sourceTree = "<group>";
		};
/* End PBXGroup section */

/* Begin PBXNativeTarget section */
		A20C5A9A2B174FCF00379E1A /* AgendaApp */ = {
			isa = PBXNativeTarget;
			buildConfigurationList = A20C5AC02B174FD100379E1A /* Build configuration list for PBXNativeTarget "AgendaApp" */;
			buildPhases = (
				A20C5A972B174FCF00379E1A /* Sources */,
				A20C5A982B174FCF00379E1A /* Frameworks */,
				A20C5A992B174FCF00379E1A /* Resources */,
			);
			buildRules = (
			);
			dependencies = (
			);
			name = AgendaApp;
			packageProductDependencies = (
				A24560CA2B17600D001D82BD /* FirebaseAuth */,
				A24560CC2B17600D001D82BD /* FirebaseFirestore */,
				A24560CE2B17600D001D82BD /* FirebaseFirestoreSwift */,
			);
			productName = AgendaApp;
			productReference = A20C5A9B2B174FCF00379E1A /* AgendaApp.app */;
			productType = "com.apple.product-type.application";
		};
		A20C5AAB2B174FD100379E1A /* AgendaAppTests */ = {
			isa = PBXNativeTarget;
			buildConfigurationList = A20C5AC32B174FD100379E1A /* Build configuration list for PBXNativeTarget "AgendaAppTests" */;
			buildPhases = (
				A20C5AA82B174FD100379E1A /* Sources */,
				A20C5AA92B174FD100379E1A /* Frameworks */,
				A20C5AAA2B174FD100379E1A /* Resources */,
			);
			buildRules = (
			);
			dependencies = (
				A20C5AAE2B174FD100379E1A /* PBXTargetDependency */,
			);
			name = AgendaAppTests;
			productName = AgendaAppTests;
			productReference = A20C5AAC2B174FD100379E1A /* AgendaAppTests.xctest */;
			productType = "com.apple.product-type.bundle.unit-test";
		};
		A20C5AB52B174FD100379E1A /* AgendaAppUITests */ = {
			isa = PBXNativeTarget;
			buildConfigurationList = A20C5AC62B174FD100379E1A /* Build configuration list for PBXNativeTarget "AgendaAppUITests" */;
			buildPhases = (
				A20C5AB22B174FD100379E1A /* Sources */,
				A20C5AB32B174FD100379E1A /* Frameworks */,
				A20C5AB42B174FD100379E1A /* Resources */,
			);
			buildRules = (
			);
			dependencies = (
				A20C5AB82B174FD100379E1A /* PBXTargetDependency */,
			);
			name = AgendaAppUITests;
			productName = AgendaAppUITests;
			productReference = A20C5AB62B174FD100379E1A /* AgendaAppUITests.xctest */;
			productType = "com.apple.product-type.bundle.ui-testing";
		};
/* End PBXNativeTarget section */

/* Begin PBXProject section */
		A20C5A932B174FCF00379E1A /* Project object */ = {
			isa = PBXProject;
			attributes = {
				BuildIndependentTargetsInParallel = 1;
				LastSwiftUpdateCheck = 1500;
				LastUpgradeCheck = 1500;
				TargetAttributes = {
					A20C5A9A2B174FCF00379E1A = {
						CreatedOnToolsVersion = 15.0.1;
					};
					A20C5AAB2B174FD100379E1A = {
						CreatedOnToolsVersion = 15.0.1;
						TestTargetID = A20C5A9A2B174FCF00379E1A;
					};
					A20C5AB52B174FD100379E1A = {
						CreatedOnToolsVersion = 15.0.1;
						TestTargetID = A20C5A9A2B174FCF00379E1A;
					};
				};
			};
			buildConfigurationList = A20C5A962B174FCF00379E1A /* Build configuration list for PBXProject "AgendaApp" */;
			compatibilityVersion = "Xcode 14.0";
			developmentRegion = en;
			hasScannedForEncodings = 0;
			knownRegions = (
				en,
				Base,
			);
			mainGroup = A20C5A922B174FCF00379E1A;
			packageReferences = (
				A24560C92B17600D001D82BD /* XCRemoteSwiftPackageReference "firebase-ios-sdk" */,
			);
			productRefGroup = A20C5A9C2B174FCF00379E1A /* Products */;
			projectDirPath = "";
			projectRoot = "";
			targets = (
				A20C5A9A2B174FCF00379E1A /* AgendaApp */,
				A20C5AAB2B174FD100379E1A /* AgendaAppTests */,
				A20C5AB52B174FD100379E1A /* AgendaAppUITests */,
			);
		};
/* End PBXProject section */

/* Begin PBXResourcesBuildPhase section */
		A20C5A992B174FCF00379E1A /* Resources */ = {
			isa = PBXResourcesBuildPhase;
			buildActionMask = 2147483647;
			files = (
				A20C5AA72B174FD000379E1A /* Preview Assets.xcassets in Resources */,
				A20C5AA32B174FD000379E1A /* Assets.xcassets in Resources */,
				A24560D12B1764BD001D82BD /* GoogleService-Info.plist in Resources */,
			);
			runOnlyForDeploymentPostprocessing = 0;
		};
		A20C5AAA2B174FD100379E1A /* Resources */ = {
			isa = PBXResourcesBuildPhase;
			buildActionMask = 2147483647;
			files = (
			);
			runOnlyForDeploymentPostprocessing = 0;
		};
		A20C5AB42B174FD100379E1A /* Resources */ = {
			isa = PBXResourcesBuildPhase;
			buildActionMask = 2147483647;
			files = (
			);
			runOnlyForDeploymentPostprocessing = 0;
		};
/* End PBXResourcesBuildPhase section */

/* Begin PBXSourcesBuildPhase section */
		A20C5A972B174FCF00379E1A /* Sources */ = {
			isa = PBXSourcesBuildPhase;
			buildActionMask = 2147483647;
			files = (
				A24560DE2B179F4B001D82BD /* LoginView.swift in Sources */,
				A24560F62B189A9D001D82BD /* HeaderView.swift in Sources */,
				A24560E22B179FB9001D82BD /* AgendaItemView.swift in Sources */,
				A24560F22B1893AD001D82BD /* RegisterViewViewModel.swift in Sources */,
				A24560E82B17A275001D82BD /* MainViewViewModel.swift in Sources */,
				A20C5AA12B174FCF00379E1A /* MainView.swift in Sources */,
				A24560F42B1893FB001D82BD /* AgendaItemViewViewModel.swift in Sources */,
				A24560DA2B179F12001D82BD /* AgendaView.swift in Sources */,
				A24560EC2B189337001D82BD /* AgendaViewViewModel.swift in Sources */,
				A24560EA2B17A291001D82BD /* ProfileViewViewModel.swift in Sources */,
				A24560E62B17A20A001D82BD /* AgendaItem.swift in Sources */,
				A24560E02B179F61001D82BD /* RegisterView.swift in Sources */,
				A24560E42B17A1F8001D82BD /* User.swift in Sources */,
				A24560F02B1893A0001D82BD /* LoginViewViewModel.swift in Sources */,
				A24560D82B179EE0001D82BD /* ProfileView.swift in Sources */,
				A20C5A9F2B174FCF00379E1A /* AgendaApp.swift in Sources */,
				A24560DC2B179F32001D82BD /* NewItemView.swift in Sources */,
				A24560EE2B18938A001D82BD /* NewItemViewViewModel.swift in Sources */,
			);
			runOnlyForDeploymentPostprocessing = 0;
		};
		A20C5AA82B174FD100379E1A /* Sources */ = {
			isa = PBXSourcesBuildPhase;
			buildActionMask = 2147483647;
			files = (
				A20C5AB12B174FD100379E1A /* AgendaAppTests.swift in Sources */,
			);
			runOnlyForDeploymentPostprocessing = 0;
		};
		A20C5AB22B174FD100379E1A /* Sources */ = {
			isa = PBXSourcesBuildPhase;
			buildActionMask = 2147483647;
			files = (
				A20C5ABD2B174FD100379E1A /* AgendaAppUITestsLaunchTests.swift in Sources */,
				A20C5ABB2B174FD100379E1A /* AgendaAppUITests.swift in Sources */,
			);
			runOnlyForDeploymentPostprocessing = 0;
		};
/* End PBXSourcesBuildPhase section */

/* Begin PBXTargetDependency section */
		A20C5AAE2B174FD100379E1A /* PBXTargetDependency */ = {
			isa = PBXTargetDependency;
			target = A20C5A9A2B174FCF00379E1A /* AgendaApp */;
			targetProxy = A20C5AAD2B174FD100379E1A /* PBXContainerItemProxy */;
		};
		A20C5AB82B174FD100379E1A /* PBXTargetDependency */ = {
			isa = PBXTargetDependency;
			target = A20C5A9A2B174FCF00379E1A /* AgendaApp */;
			targetProxy = A20C5AB72B174FD100379E1A /* PBXContainerItemProxy */;
		};
/* End PBXTargetDependency section */

/* Begin XCBuildConfiguration section */
		A20C5ABE2B174FD100379E1A /* Debug */ = {
			isa = XCBuildConfiguration;
			buildSettings = {
				ALWAYS_SEARCH_USER_PATHS = NO;
				ASSETCATALOG_COMPILER_GENERATE_SWIFT_ASSET_SYMBOL_EXTENSIONS = YES;
				CLANG_ANALYZER_NONNULL = YES;
				CLANG_ANALYZER_NUMBER_OBJECT_CONVERSION = YES_AGGRESSIVE;
				CLANG_CXX_LANGUAGE_STANDARD = "gnu++20";
				CLANG_ENABLE_MODULES = YES;
				CLANG_ENABLE_OBJC_ARC = YES;
				CLANG_ENABLE_OBJC_WEAK = YES;
				CLANG_WARN_BLOCK_CAPTURE_AUTORELEASING = YES;
				CLANG_WARN_BOOL_CONVERSION = YES;
				CLANG_WARN_COMMA = YES;
				CLANG_WARN_CONSTANT_CONVERSION = YES;
				CLANG_WARN_DEPRECATED_OBJC_IMPLEMENTATIONS = YES;
				CLANG_WARN_DIRECT_OBJC_ISA_USAGE = YES_ERROR;
				CLANG_WARN_DOCUMENTATION_COMMENTS = YES;
				CLANG_WARN_EMPTY_BODY = YES;
				CLANG_WARN_ENUM_CONVERSION = YES;
				CLANG_WARN_INFINITE_RECURSION = YES;
				CLANG_WARN_INT_CONVERSION = YES;
				CLANG_WARN_NON_LITERAL_NULL_CONVERSION = YES;
				CLANG_WARN_OBJC_IMPLICIT_RETAIN_SELF = YES;
				CLANG_WARN_OBJC_LITERAL_CONVERSION = YES;
				CLANG_WARN_OBJC_ROOT_CLASS = YES_ERROR;
				CLANG_WARN_QUOTED_INCLUDE_IN_FRAMEWORK_HEADER = YES;
				CLANG_WARN_RANGE_LOOP_ANALYSIS = YES;
				CLANG_WARN_STRICT_PROTOTYPES = YES;
				CLANG_WARN_SUSPICIOUS_MOVE = YES;
				CLANG_WARN_UNGUARDED_AVAILABILITY = YES_AGGRESSIVE;
				CLANG_WARN_UNREACHABLE_CODE = YES;
				CLANG_WARN__DUPLICATE_METHOD_MATCH = YES;
				COPY_PHASE_STRIP = NO;
				DEBUG_INFORMATION_FORMAT = dwarf;
				ENABLE_STRICT_OBJC_MSGSEND = YES;
				ENABLE_TESTABILITY = YES;
				ENABLE_USER_SCRIPT_SANDBOXING = YES;
				GCC_C_LANGUAGE_STANDARD = gnu17;
				GCC_DYNAMIC_NO_PIC = NO;
				GCC_NO_COMMON_BLOCKS = YES;
				GCC_OPTIMIZATION_LEVEL = 0;
				GCC_PREPROCESSOR_DEFINITIONS = (
					"DEBUG=1",
					"$(inherited)",
				);
				GCC_WARN_64_TO_32_BIT_CONVERSION = YES;
				GCC_WARN_ABOUT_RETURN_TYPE = YES_ERROR;
				GCC_WARN_UNDECLARED_SELECTOR = YES;
				GCC_WARN_UNINITIALIZED_AUTOS = YES_AGGRESSIVE;
				GCC_WARN_UNUSED_FUNCTION = YES;
				GCC_WARN_UNUSED_VARIABLE = YES;
				LOCALIZATION_PREFERS_STRING_CATALOGS = YES;
				MTL_ENABLE_DEBUG_INFO = INCLUDE_SOURCE;
				MTL_FAST_MATH = YES;
				ONLY_ACTIVE_ARCH = YES;
				SWIFT_ACTIVE_COMPILATION_CONDITIONS = "DEBUG $(inherited)";
				SWIFT_OPTIMIZATION_LEVEL = "-Onone";
			};
			name = Debug;
		};
		A20C5ABF2B174FD100379E1A /* Release */ = {
			isa = XCBuildConfiguration;
			buildSettings = {
				ALWAYS_SEARCH_USER_PATHS = NO;
				ASSETCATALOG_COMPILER_GENERATE_SWIFT_ASSET_SYMBOL_EXTENSIONS = YES;
				CLANG_ANALYZER_NONNULL = YES;
				CLANG_ANALYZER_NUMBER_OBJECT_CONVERSION = YES_AGGRESSIVE;
				CLANG_CXX_LANGUAGE_STANDARD = "gnu++20";
				CLANG_ENABLE_MODULES = YES;
				CLANG_ENABLE_OBJC_ARC = YES;
				CLANG_ENABLE_OBJC_WEAK = YES;
				CLANG_WARN_BLOCK_CAPTURE_AUTORELEASING = YES;
				CLANG_WARN_BOOL_CONVERSION = YES;
				CLANG_WARN_COMMA = YES;
				CLANG_WARN_CONSTANT_CONVERSION = YES;
				CLANG_WARN_DEPRECATED_OBJC_IMPLEMENTATIONS = YES;
				CLANG_WARN_DIRECT_OBJC_ISA_USAGE = YES_ERROR;
				CLANG_WARN_DOCUMENTATION_COMMENTS = YES;
				CLANG_WARN_EMPTY_BODY = YES;
				CLANG_WARN_ENUM_CONVERSION = YES;
				CLANG_WARN_INFINITE_RECURSION = YES;
				CLANG_WARN_INT_CONVERSION = YES;
				CLANG_WARN_NON_LITERAL_NULL_CONVERSION = YES;
				CLANG_WARN_OBJC_IMPLICIT_RETAIN_SELF = YES;
				CLANG_WARN_OBJC_LITERAL_CONVERSION = YES;
				CLANG_WARN_OBJC_ROOT_CLASS = YES_ERROR;
				CLANG_WARN_QUOTED_INCLUDE_IN_FRAMEWORK_HEADER = YES;
				CLANG_WARN_RANGE_LOOP_ANALYSIS = YES;
				CLANG_WARN_STRICT_PROTOTYPES = YES;
				CLANG_WARN_SUSPICIOUS_MOVE = YES;
				CLANG_WARN_UNGUARDED_AVAILABILITY = YES_AGGRESSIVE;
				CLANG_WARN_UNREACHABLE_CODE = YES;
				CLANG_WARN__DUPLICATE_METHOD_MATCH = YES;
				COPY_PHASE_STRIP = NO;
				DEBUG_INFORMATION_FORMAT = "dwarf-with-dsym";
				ENABLE_NS_ASSERTIONS = NO;
				ENABLE_STRICT_OBJC_MSGSEND = YES;
				ENABLE_USER_SCRIPT_SANDBOXING = YES;
				GCC_C_LANGUAGE_STANDARD = gnu17;
				GCC_NO_COMMON_BLOCKS = YES;
				GCC_WARN_64_TO_32_BIT_CONVERSION = YES;
				GCC_WARN_ABOUT_RETURN_TYPE = YES_ERROR;
				GCC_WARN_UNDECLARED_SELECTOR = YES;
				GCC_WARN_UNINITIALIZED_AUTOS = YES_AGGRESSIVE;
				GCC_WARN_UNUSED_FUNCTION = YES;
				GCC_WARN_UNUSED_VARIABLE = YES;
				LOCALIZATION_PREFERS_STRING_CATALOGS = YES;
				MTL_ENABLE_DEBUG_INFO = NO;
				MTL_FAST_MATH = YES;
				SWIFT_COMPILATION_MODE = wholemodule;
			};
			name = Release;
		};
		A20C5AC12B174FD100379E1A /* Debug */ = {
			isa = XCBuildConfiguration;
			buildSettings = {
				ASSETCATALOG_COMPILER_APPICON_NAME = AppIcon;
				ASSETCATALOG_COMPILER_GLOBAL_ACCENT_COLOR_NAME = AccentColor;
				CODE_SIGN_ENTITLEMENTS = AgendaApp/AgendaApp.entitlements;
				CODE_SIGN_STYLE = Automatic;
				CURRENT_PROJECT_VERSION = 1;
				DEVELOPMENT_ASSET_PATHS = "\"AgendaApp/Preview Content\"";
				ENABLE_PREVIEWS = YES;
				GENERATE_INFOPLIST_FILE = YES;
				INFOPLIST_KEY_CFBundleDisplayName = Agenda;
				"INFOPLIST_KEY_UIApplicationSceneManifest_Generation[sdk=iphoneos*]" = YES;
				"INFOPLIST_KEY_UIApplicationSceneManifest_Generation[sdk=iphonesimulator*]" = YES;
				"INFOPLIST_KEY_UIApplicationSupportsIndirectInputEvents[sdk=iphoneos*]" = YES;
				"INFOPLIST_KEY_UIApplicationSupportsIndirectInputEvents[sdk=iphonesimulator*]" = YES;
				"INFOPLIST_KEY_UILaunchScreen_Generation[sdk=iphoneos*]" = YES;
				"INFOPLIST_KEY_UILaunchScreen_Generation[sdk=iphonesimulator*]" = YES;
				"INFOPLIST_KEY_UIStatusBarStyle[sdk=iphoneos*]" = UIStatusBarStyleDefault;
				"INFOPLIST_KEY_UIStatusBarStyle[sdk=iphonesimulator*]" = UIStatusBarStyleDefault;
				INFOPLIST_KEY_UISupportedInterfaceOrientations = UIInterfaceOrientationPortrait;
				IPHONEOS_DEPLOYMENT_TARGET = 17.0;
				LD_RUNPATH_SEARCH_PATHS = "@executable_path/Frameworks";
				"LD_RUNPATH_SEARCH_PATHS[sdk=macosx*]" = "@executable_path/../Frameworks";
				MACOSX_DEPLOYMENT_TARGET = 14.0;
				MARKETING_VERSION = 1.0;
				PRODUCT_BUNDLE_IDENTIFIER = io.starsky.AgendaApp;
				PRODUCT_NAME = "$(TARGET_NAME)";
				SDKROOT = auto;
				SUPPORTED_PLATFORMS = "iphoneos iphonesimulator macosx";
				SWIFT_EMIT_LOC_STRINGS = YES;
				SWIFT_VERSION = 5.0;
				TARGETED_DEVICE_FAMILY = "1,2";
			};
			name = Debug;
		};
		A20C5AC22B174FD100379E1A /* Release */ = {
			isa = XCBuildConfiguration;
			buildSettings = {
				ASSETCATALOG_COMPILER_APPICON_NAME = AppIcon;
				ASSETCATALOG_COMPILER_GLOBAL_ACCENT_COLOR_NAME = AccentColor;
				CODE_SIGN_ENTITLEMENTS = AgendaApp/AgendaApp.entitlements;
				CODE_SIGN_STYLE = Automatic;
				CURRENT_PROJECT_VERSION = 1;
				DEVELOPMENT_ASSET_PATHS = "\"AgendaApp/Preview Content\"";
				ENABLE_PREVIEWS = YES;
				GENERATE_INFOPLIST_FILE = YES;
				INFOPLIST_KEY_CFBundleDisplayName = Agenda;
				"INFOPLIST_KEY_UIApplicationSceneManifest_Generation[sdk=iphoneos*]" = YES;
				"INFOPLIST_KEY_UIApplicationSceneManifest_Generation[sdk=iphonesimulator*]" = YES;
				"INFOPLIST_KEY_UIApplicationSupportsIndirectInputEvents[sdk=iphoneos*]" = YES;
				"INFOPLIST_KEY_UIApplicationSupportsIndirectInputEvents[sdk=iphonesimulator*]" = YES;
				"INFOPLIST_KEY_UILaunchScreen_Generation[sdk=iphoneos*]" = YES;
				"INFOPLIST_KEY_UILaunchScreen_Generation[sdk=iphonesimulator*]" = YES;
				"INFOPLIST_KEY_UIStatusBarStyle[sdk=iphoneos*]" = UIStatusBarStyleDefault;
				"INFOPLIST_KEY_UIStatusBarStyle[sdk=iphonesimulator*]" = UIStatusBarStyleDefault;
				INFOPLIST_KEY_UISupportedInterfaceOrientations = UIInterfaceOrientationPortrait;
				IPHONEOS_DEPLOYMENT_TARGET = 17.0;
				LD_RUNPATH_SEARCH_PATHS = "@executable_path/Frameworks";
				"LD_RUNPATH_SEARCH_PATHS[sdk=macosx*]" = "@executable_path/../Frameworks";
				MACOSX_DEPLOYMENT_TARGET = 14.0;
				MARKETING_VERSION = 1.0;
				PRODUCT_BUNDLE_IDENTIFIER = io.starsky.AgendaApp;
				PRODUCT_NAME = "$(TARGET_NAME)";
				SDKROOT = auto;
				SUPPORTED_PLATFORMS = "iphoneos iphonesimulator macosx";
				SWIFT_EMIT_LOC_STRINGS = YES;
				SWIFT_VERSION = 5.0;
				TARGETED_DEVICE_FAMILY = "1,2";
			};
			name = Release;
		};
		A20C5AC42B174FD100379E1A /* Debug */ = {
			isa = XCBuildConfiguration;
			buildSettings = {
				ALWAYS_EMBED_SWIFT_STANDARD_LIBRARIES = YES;
				BUNDLE_LOADER = "$(TEST_HOST)";
				CODE_SIGN_STYLE = Automatic;
				CURRENT_PROJECT_VERSION = 1;
				GENERATE_INFOPLIST_FILE = YES;
				IPHONEOS_DEPLOYMENT_TARGET = 17.0;
				MACOSX_DEPLOYMENT_TARGET = 14.0;
				MARKETING_VERSION = 1.0;
				PRODUCT_BUNDLE_IDENTIFIER = io.starsky.AgendaAppTests;
				PRODUCT_NAME = "$(TARGET_NAME)";
				SDKROOT = auto;
				SUPPORTED_PLATFORMS = "iphoneos iphonesimulator macosx";
				SWIFT_EMIT_LOC_STRINGS = NO;
				SWIFT_VERSION = 5.0;
				TARGETED_DEVICE_FAMILY = "1,2";
				TEST_HOST = "$(BUILT_PRODUCTS_DIR)/AgendaApp.app/$(BUNDLE_EXECUTABLE_FOLDER_PATH)/AgendaApp";
			};
			name = Debug;
		};
		A20C5AC52B174FD100379E1A /* Release */ = {
			isa = XCBuildConfiguration;
			buildSettings = {
				ALWAYS_EMBED_SWIFT_STANDARD_LIBRARIES = YES;
				BUNDLE_LOADER = "$(TEST_HOST)";
				CODE_SIGN_STYLE = Automatic;
				CURRENT_PROJECT_VERSION = 1;
				GENERATE_INFOPLIST_FILE = YES;
				IPHONEOS_DEPLOYMENT_TARGET = 17.0;
				MACOSX_DEPLOYMENT_TARGET = 14.0;
				MARKETING_VERSION = 1.0;
				PRODUCT_BUNDLE_IDENTIFIER = io.starsky.AgendaAppTests;
				PRODUCT_NAME = "$(TARGET_NAME)";
				SDKROOT = auto;
				SUPPORTED_PLATFORMS = "iphoneos iphonesimulator macosx";
				SWIFT_EMIT_LOC_STRINGS = NO;
				SWIFT_VERSION = 5.0;
				TARGETED_DEVICE_FAMILY = "1,2";
				TEST_HOST = "$(BUILT_PRODUCTS_DIR)/AgendaApp.app/$(BUNDLE_EXECUTABLE_FOLDER_PATH)/AgendaApp";
			};
			name = Release;
		};
		A20C5AC72B174FD100379E1A /* Debug */ = {
			isa = XCBuildConfiguration;
			buildSettings = {
				ALWAYS_EMBED_SWIFT_STANDARD_LIBRARIES = YES;
				CODE_SIGN_STYLE = Automatic;
				CURRENT_PROJECT_VERSION = 1;
				GENERATE_INFOPLIST_FILE = YES;
				IPHONEOS_DEPLOYMENT_TARGET = 17.0;
				MACOSX_DEPLOYMENT_TARGET = 14.0;
				MARKETING_VERSION = 1.0;
				PRODUCT_BUNDLE_IDENTIFIER = io.starsky.AgendaAppUITests;
				PRODUCT_NAME = "$(TARGET_NAME)";
				SDKROOT = auto;
				SUPPORTED_PLATFORMS = "iphoneos iphonesimulator macosx";
				SWIFT_EMIT_LOC_STRINGS = NO;
				SWIFT_VERSION = 5.0;
				TARGETED_DEVICE_FAMILY = "1,2";
				TEST_TARGET_NAME = AgendaApp;
			};
			name = Debug;
		};
		A20C5AC82B174FD100379E1A /* Release */ = {
			isa = XCBuildConfiguration;
			buildSettings = {
				ALWAYS_EMBED_SWIFT_STANDARD_LIBRARIES = YES;
				CODE_SIGN_STYLE = Automatic;
				CURRENT_PROJECT_VERSION = 1;
				GENERATE_INFOPLIST_FILE = YES;
				IPHONEOS_DEPLOYMENT_TARGET = 17.0;
				MACOSX_DEPLOYMENT_TARGET = 14.0;
				MARKETING_VERSION = 1.0;
				PRODUCT_BUNDLE_IDENTIFIER = io.starsky.AgendaAppUITests;
				PRODUCT_NAME = "$(TARGET_NAME)";
				SDKROOT = auto;
				SUPPORTED_PLATFORMS = "iphoneos iphonesimulator macosx";
				SWIFT_EMIT_LOC_STRINGS = NO;
				SWIFT_VERSION = 5.0;
				TARGETED_DEVICE_FAMILY = "1,2";
				TEST_TARGET_NAME = AgendaApp;
			};
			name = Release;
		};
/* End XCBuildConfiguration section */

/* Begin XCConfigurationList section */
		A20C5A962B174FCF00379E1A /* Build configuration list for PBXProject "AgendaApp" */ = {
			isa = XCConfigurationList;
			buildConfigurations = (
				A20C5ABE2B174FD100379E1A /* Debug */,
				A20C5ABF2B174FD100379E1A /* Release */,
			);
			defaultConfigurationIsVisible = 0;
			defaultConfigurationName = Release;
		};
		A20C5AC02B174FD100379E1A /* Build configuration list for PBXNativeTarget "AgendaApp" */ = {
			isa = XCConfigurationList;
			buildConfigurations = (
				A20C5AC12B174FD100379E1A /* Debug */,
				A20C5AC22B174FD100379E1A /* Release */,
			);
			defaultConfigurationIsVisible = 0;
			defaultConfigurationName = Release;
		};
		A20C5AC32B174FD100379E1A /* Build configuration list for PBXNativeTarget "AgendaAppTests" */ = {
			isa = XCConfigurationList;
			buildConfigurations = (
				A20C5AC42B174FD100379E1A /* Debug */,
				A20C5AC52B174FD100379E1A /* Release */,
			);
			defaultConfigurationIsVisible = 0;
			defaultConfigurationName = Release;
		};
		A20C5AC62B174FD100379E1A /* Build configuration list for PBXNativeTarget "AgendaAppUITests" */ = {
			isa = XCConfigurationList;
			buildConfigurations = (
				A20C5AC72B174FD100379E1A /* Debug */,
				A20C5AC82B174FD100379E1A /* Release */,
			);
			defaultConfigurationIsVisible = 0;
			defaultConfigurationName = Release;
		};
/* End XCConfigurationList section */

/* Begin XCRemoteSwiftPackageReference section */
		A24560C92B17600D001D82BD /* XCRemoteSwiftPackageReference "firebase-ios-sdk" */ = {
			isa = XCRemoteSwiftPackageReference;
			repositoryURL = "https://github.com/firebase/firebase-ios-sdk.git";
			requirement = {
				kind = upToNextMajorVersion;
				minimumVersion = 10.18.0;
			};
		};
/* End XCRemoteSwiftPackageReference section */

/* Begin XCSwiftPackageProductDependency section */
		A24560CA2B17600D001D82BD /* FirebaseAuth */ = {
			isa = XCSwiftPackageProductDependency;
			package = A24560C92B17600D001D82BD /* XCRemoteSwiftPackageReference "firebase-ios-sdk" */;
			productName = FirebaseAuth;
		};
		A24560CC2B17600D001D82BD /* FirebaseFirestore */ = {
			isa = XCSwiftPackageProductDependency;
			package = A24560C92B17600D001D82BD /* XCRemoteSwiftPackageReference "firebase-ios-sdk" */;
			productName = FirebaseFirestore;
		};
		A24560CE2B17600D001D82BD /* FirebaseFirestoreSwift */ = {
			isa = XCSwiftPackageProductDependency;
			package = A24560C92B17600D001D82BD /* XCRemoteSwiftPackageReference "firebase-ios-sdk" */;
			productName = FirebaseFirestoreSwift;
		};
/* End XCSwiftPackageProductDependency section */
	};
	rootObject = A20C5A932B174FCF00379E1A /* Project object */;
}
